// !$*UTF8*$!
{
	archiveVersion = 1;
	classes = {
	};
	objectVersion = 55;
	objects = {

/* Begin PBXBuildFile section */
		ADAB28B129129F74000ECFF8 /* AppDelegate.swift in Sources */ = {isa = PBXBuildFile; fileRef = ADAB28B029129F74000ECFF8 /* AppDelegate.swift */; };
		ADAB28B329129F74000ECFF8 /* SceneDelegate.swift in Sources */ = {isa = PBXBuildFile; fileRef = ADAB28B229129F74000ECFF8 /* SceneDelegate.swift */; };
		ADAB28B529129F74000ECFF8 /* ViewController.swift in Sources */ = {isa = PBXBuildFile; fileRef = ADAB28B429129F74000ECFF8 /* ViewController.swift */; };
		ADAB28B829129F74000ECFF8 /* Main.storyboard in Resources */ = {isa = PBXBuildFile; fileRef = ADAB28B629129F74000ECFF8 /* Main.storyboard */; };
		ADAB28BA29129F79000ECFF8 /* Assets.xcassets in Resources */ = {isa = PBXBuildFile; fileRef = ADAB28B929129F79000ECFF8 /* Assets.xcassets */; };
		ADAB28BD29129F79000ECFF8 /* LaunchScreen.storyboard in Resources */ = {isa = PBXBuildFile; fileRef = ADAB28BB29129F79000ECFF8 /* LaunchScreen.storyboard */; };
		ADAB28CA2912A7EE000ECFF8 /* WebService.swift in Sources */ = {isa = PBXBuildFile; fileRef = ADAB28C92912A7EE000ECFF8 /* WebService.swift */; };
		ADAB28CC2912A829000ECFF8 /* People.swift in Sources */ = {isa = PBXBuildFile; fileRef = ADAB28CB2912A829000ECFF8 /* People.swift */; };
		ADAB28CE2912A841000ECFF8 /* Rooms.swift in Sources */ = {isa = PBXBuildFile; fileRef = ADAB28CD2912A841000ECFF8 /* Rooms.swift */; };
		ADAB28D02912AA00000ECFF8 /* EndPoints.swift in Sources */ = {isa = PBXBuildFile; fileRef = ADAB28CF2912AA00000ECFF8 /* EndPoints.swift */; };
		ADAB28D32912BC90000ECFF8 /* DashboardViewController.swift in Sources */ = {isa = PBXBuildFile; fileRef = ADAB28D22912BC90000ECFF8 /* DashboardViewController.swift */; };
		ADAB28D52912C05E000ECFF8 /* EmployeeListViewController.swift in Sources */ = {isa = PBXBuildFile; fileRef = ADAB28D42912C05E000ECFF8 /* EmployeeListViewController.swift */; };
		ADAB28D72912C075000ECFF8 /* EmployeeDetailViewController.swift in Sources */ = {isa = PBXBuildFile; fileRef = ADAB28D62912C075000ECFF8 /* EmployeeDetailViewController.swift */; };
		ADAB28D92912C097000ECFF8 /* RoomListViewController.swift in Sources */ = {isa = PBXBuildFile; fileRef = ADAB28D82912C097000ECFF8 /* RoomListViewController.swift */; };
		ADAB28DD2912D0EA000ECFF8 /* EmployeeTableViewCell.swift in Sources */ = {isa = PBXBuildFile; fileRef = ADAB28DB2912D0EA000ECFF8 /* EmployeeTableViewCell.swift */; };
		ADAB28DE2912D0EA000ECFF8 /* EmployeeTableViewCell.xib in Resources */ = {isa = PBXBuildFile; fileRef = ADAB28DC2912D0EA000ECFF8 /* EmployeeTableViewCell.xib */; };
		ADAB28E12912EBDA000ECFF8 /* Theme.swift in Sources */ = {isa = PBXBuildFile; fileRef = ADAB28E02912EBDA000ECFF8 /* Theme.swift */; };
		ADAB28E42913092C000ECFF8 /* UIImageView+Extensions.swift in Sources */ = {isa = PBXBuildFile; fileRef = ADAB28E32913092C000ECFF8 /* UIImageView+Extensions.swift */; };
		ADAB28E7291310BC000ECFF8 /* RoomTableViewCell.swift in Sources */ = {isa = PBXBuildFile; fileRef = ADAB28E5291310BC000ECFF8 /* RoomTableViewCell.swift */; };
		ADAB28E8291310BC000ECFF8 /* RoomTableViewCell.xib in Resources */ = {isa = PBXBuildFile; fileRef = ADAB28E6291310BC000ECFF8 /* RoomTableViewCell.xib */; };
		ADAB28EC2913CDFD000ECFF8 /* AlertManager.swift in Sources */ = {isa = PBXBuildFile; fileRef = ADAB28EB2913CDFD000ECFF8 /* AlertManager.swift */; };
		ADAB28EE2913D1E1000ECFF8 /* LoginViewController.swift in Sources */ = {isa = PBXBuildFile; fileRef = ADAB28ED2913D1E0000ECFF8 /* LoginViewController.swift */; };
		ADAB28F02913D8FD000ECFF8 /* LoginManager.swift in Sources */ = {isa = PBXBuildFile; fileRef = ADAB28EF2913D8FD000ECFF8 /* LoginManager.swift */; };
		ADAB28F22913E39D000ECFF8 /* UIButton+Extensions.swift in Sources */ = {isa = PBXBuildFile; fileRef = ADAB28F12913E39D000ECFF8 /* UIButton+Extensions.swift */; };
/* End PBXBuildFile section */

/* Begin PBXFileReference section */
		ADAB28AD29129F74000ECFF8 /* DirectoryApp.app */ = {isa = PBXFileReference; explicitFileType = wrapper.application; includeInIndex = 0; path = DirectoryApp.app; sourceTree = BUILT_PRODUCTS_DIR; };
		ADAB28B029129F74000ECFF8 /* AppDelegate.swift */ = {isa = PBXFileReference; lastKnownFileType = sourcecode.swift; path = AppDelegate.swift; sourceTree = "<group>"; };
		ADAB28B229129F74000ECFF8 /* SceneDelegate.swift */ = {isa = PBXFileReference; lastKnownFileType = sourcecode.swift; path = SceneDelegate.swift; sourceTree = "<group>"; };
		ADAB28B429129F74000ECFF8 /* ViewController.swift */ = {isa = PBXFileReference; lastKnownFileType = sourcecode.swift; path = ViewController.swift; sourceTree = "<group>"; };
		ADAB28B729129F74000ECFF8 /* Base */ = {isa = PBXFileReference; lastKnownFileType = file.storyboard; name = Base; path = Base.lproj/Main.storyboard; sourceTree = "<group>"; };
		ADAB28B929129F79000ECFF8 /* Assets.xcassets */ = {isa = PBXFileReference; lastKnownFileType = folder.assetcatalog; path = Assets.xcassets; sourceTree = "<group>"; };
		ADAB28BC29129F79000ECFF8 /* Base */ = {isa = PBXFileReference; lastKnownFileType = file.storyboard; name = Base; path = Base.lproj/LaunchScreen.storyboard; sourceTree = "<group>"; };
		ADAB28BE29129F79000ECFF8 /* Info.plist */ = {isa = PBXFileReference; lastKnownFileType = text.plist.xml; path = Info.plist; sourceTree = "<group>"; };
		ADAB28C92912A7EE000ECFF8 /* WebService.swift */ = {isa = PBXFileReference; lastKnownFileType = sourcecode.swift; path = WebService.swift; sourceTree = "<group>"; };
		ADAB28CB2912A829000ECFF8 /* People.swift */ = {isa = PBXFileReference; lastKnownFileType = sourcecode.swift; path = People.swift; sourceTree = "<group>"; };
		ADAB28CD2912A841000ECFF8 /* Rooms.swift */ = {isa = PBXFileReference; lastKnownFileType = sourcecode.swift; path = Rooms.swift; sourceTree = "<group>"; };
		ADAB28CF2912AA00000ECFF8 /* EndPoints.swift */ = {isa = PBXFileReference; lastKnownFileType = sourcecode.swift; path = EndPoints.swift; sourceTree = "<group>"; };
		ADAB28D22912BC90000ECFF8 /* DashboardViewController.swift */ = {isa = PBXFileReference; lastKnownFileType = sourcecode.swift; path = DashboardViewController.swift; sourceTree = "<group>"; };
		ADAB28D42912C05E000ECFF8 /* EmployeeListViewController.swift */ = {isa = PBXFileReference; lastKnownFileType = sourcecode.swift; path = EmployeeListViewController.swift; sourceTree = "<group>"; };
		ADAB28D62912C075000ECFF8 /* EmployeeDetailViewController.swift */ = {isa = PBXFileReference; lastKnownFileType = sourcecode.swift; path = EmployeeDetailViewController.swift; sourceTree = "<group>"; };
		ADAB28D82912C097000ECFF8 /* RoomListViewController.swift */ = {isa = PBXFileReference; lastKnownFileType = sourcecode.swift; path = RoomListViewController.swift; sourceTree = "<group>"; };
		ADAB28DB2912D0EA000ECFF8 /* EmployeeTableViewCell.swift */ = {isa = PBXFileReference; lastKnownFileType = sourcecode.swift; path = EmployeeTableViewCell.swift; sourceTree = "<group>"; };
		ADAB28DC2912D0EA000ECFF8 /* EmployeeTableViewCell.xib */ = {isa = PBXFileReference; lastKnownFileType = file.xib; path = EmployeeTableViewCell.xib; sourceTree = "<group>"; };
		ADAB28E02912EBDA000ECFF8 /* Theme.swift */ = {isa = PBXFileReference; lastKnownFileType = sourcecode.swift; path = Theme.swift; sourceTree = "<group>"; };
		ADAB28E32913092C000ECFF8 /* UIImageView+Extensions.swift */ = {isa = PBXFileReference; lastKnownFileType = sourcecode.swift; path = "UIImageView+Extensions.swift"; sourceTree = "<group>"; };
		ADAB28E5291310BC000ECFF8 /* RoomTableViewCell.swift */ = {isa = PBXFileReference; lastKnownFileType = sourcecode.swift; path = RoomTableViewCell.swift; sourceTree = "<group>"; };
		ADAB28E6291310BC000ECFF8 /* RoomTableViewCell.xib */ = {isa = PBXFileReference; lastKnownFileType = file.xib; path = RoomTableViewCell.xib; sourceTree = "<group>"; };
		ADAB28EB2913CDFD000ECFF8 /* AlertManager.swift */ = {isa = PBXFileReference; lastKnownFileType = sourcecode.swift; path = AlertManager.swift; sourceTree = "<group>"; };
		ADAB28ED2913D1E0000ECFF8 /* LoginViewController.swift */ = {isa = PBXFileReference; lastKnownFileType = sourcecode.swift; path = LoginViewController.swift; sourceTree = "<group>"; };
		ADAB28EF2913D8FD000ECFF8 /* LoginManager.swift */ = {isa = PBXFileReference; lastKnownFileType = sourcecode.swift; path = LoginManager.swift; sourceTree = "<group>"; };
		ADAB28F12913E39D000ECFF8 /* UIButton+Extensions.swift */ = {isa = PBXFileReference; lastKnownFileType = sourcecode.swift; path = "UIButton+Extensions.swift"; sourceTree = "<group>"; };
/* End PBXFileReference section */

/* Begin PBXFrameworksBuildPhase section */
		ADAB28AA29129F74000ECFF8 /* Frameworks */ = {
			isa = PBXFrameworksBuildPhase;
			buildActionMask = 2147483647;
			files = (
			);
			runOnlyForDeploymentPostprocessing = 0;
		};
/* End PBXFrameworksBuildPhase section */

/* Begin PBXGroup section */
		ADAB28A429129F73000ECFF8 = {
			isa = PBXGroup;
			children = (
				ADAB28AF29129F74000ECFF8 /* DirectoryApp */,
				ADAB28AE29129F74000ECFF8 /* Products */,
			);
			sourceTree = "<group>";
		};
		ADAB28AE29129F74000ECFF8 /* Products */ = {
			isa = PBXGroup;
			children = (
				ADAB28AD29129F74000ECFF8 /* DirectoryApp.app */,
			);
			name = Products;
			sourceTree = "<group>";
		};
		ADAB28AF29129F74000ECFF8 /* DirectoryApp */ = {
			isa = PBXGroup;
			children = (
				ADAB28E2291308E2000ECFF8 /* Extensions */,
				ADAB28DF2912EBC5000ECFF8 /* Resources */,
				ADAB28C82912A7C6000ECFF8 /* Utility */,
				ADAB28C72912A7BD000ECFF8 /* Services */,
				ADAB28C42912A713000ECFF8 /* Model */,
				ADAB28C52912A790000ECFF8 /* Views */,
				ADAB28C62912A79F000ECFF8 /* Controllers */,
				ADAB28B029129F74000ECFF8 /* AppDelegate.swift */,
				ADAB28B229129F74000ECFF8 /* SceneDelegate.swift */,
				ADAB28BE29129F79000ECFF8 /* Info.plist */,
			);
			path = DirectoryApp;
			sourceTree = "<group>";
		};
		ADAB28C42912A713000ECFF8 /* Model */ = {
			isa = PBXGroup;
			children = (
				ADAB28CB2912A829000ECFF8 /* People.swift */,
				ADAB28CD2912A841000ECFF8 /* Rooms.swift */,
			);
			path = Model;
			sourceTree = "<group>";
		};
		ADAB28C52912A790000ECFF8 /* Views */ = {
			isa = PBXGroup;
			children = (
				ADAB28DA2912D051000ECFF8 /* Cells */,
				ADAB28D12912AFC4000ECFF8 /* StoryBoards */,
			);
			path = Views;
			sourceTree = "<group>";
		};
		ADAB28C62912A79F000ECFF8 /* Controllers */ = {
			isa = PBXGroup;
			children = (
				ADAB28B429129F74000ECFF8 /* ViewController.swift */,
				ADAB28D22912BC90000ECFF8 /* DashboardViewController.swift */,
				ADAB28D42912C05E000ECFF8 /* EmployeeListViewController.swift */,
				ADAB28D62912C075000ECFF8 /* EmployeeDetailViewController.swift */,
				ADAB28D82912C097000ECFF8 /* RoomListViewController.swift */,
				ADAB28ED2913D1E0000ECFF8 /* LoginViewController.swift */,
			);
			path = Controllers;
			sourceTree = "<group>";
		};
		ADAB28C72912A7BD000ECFF8 /* Services */ = {
			isa = PBXGroup;
			children = (
				ADAB28C92912A7EE000ECFF8 /* WebService.swift */,
			);
			path = Services;
			sourceTree = "<group>";
		};
		ADAB28C82912A7C6000ECFF8 /* Utility */ = {
			isa = PBXGroup;
			children = (
				ADAB28CF2912AA00000ECFF8 /* EndPoints.swift */,
				ADAB28EB2913CDFD000ECFF8 /* AlertManager.swift */,
				ADAB28EF2913D8FD000ECFF8 /* LoginManager.swift */,
			);
			path = Utility;
			sourceTree = "<group>";
		};
		ADAB28D12912AFC4000ECFF8 /* StoryBoards */ = {
			isa = PBXGroup;
			children = (
				ADAB28B629129F74000ECFF8 /* Main.storyboard */,
				ADAB28BB29129F79000ECFF8 /* LaunchScreen.storyboard */,
			);
			path = StoryBoards;
			sourceTree = "<group>";
		};
		ADAB28DA2912D051000ECFF8 /* Cells */ = {
			isa = PBXGroup;
			children = (
				ADAB28DB2912D0EA000ECFF8 /* EmployeeTableViewCell.swift */,
				ADAB28DC2912D0EA000ECFF8 /* EmployeeTableViewCell.xib */,
				ADAB28E5291310BC000ECFF8 /* RoomTableViewCell.swift */,
				ADAB28E6291310BC000ECFF8 /* RoomTableViewCell.xib */,
			);
			path = Cells;
			sourceTree = "<group>";
		};
		ADAB28DF2912EBC5000ECFF8 /* Resources */ = {
			isa = PBXGroup;
			children = (
				ADAB28E02912EBDA000ECFF8 /* Theme.swift */,
				ADAB28B929129F79000ECFF8 /* Assets.xcassets */,
			);
			path = Resources;
			sourceTree = "<group>";
		};
		ADAB28E2291308E2000ECFF8 /* Extensions */ = {
			isa = PBXGroup;
			children = (
				ADAB28E32913092C000ECFF8 /* UIImageView+Extensions.swift */,
				ADAB28F12913E39D000ECFF8 /* UIButton+Extensions.swift */,
			);
			path = Extensions;
			sourceTree = "<group>";
		};
/* End PBXGroup section */

/* Begin PBXNativeTarget section */
		ADAB28AC29129F74000ECFF8 /* DirectoryApp */ = {
			isa = PBXNativeTarget;
			buildConfigurationList = ADAB28C129129F79000ECFF8 /* Build configuration list for PBXNativeTarget "DirectoryApp" */;
			buildPhases = (
				ADAB28A929129F74000ECFF8 /* Sources */,
				ADAB28AA29129F74000ECFF8 /* Frameworks */,
				ADAB28AB29129F74000ECFF8 /* Resources */,
			);
			buildRules = (
			);
			dependencies = (
			);
			name = DirectoryApp;
			productName = DirectoryApp;
			productReference = ADAB28AD29129F74000ECFF8 /* DirectoryApp.app */;
			productType = "com.apple.product-type.application";
		};
/* End PBXNativeTarget section */

/* Begin PBXProject section */
		ADAB28A529129F73000ECFF8 /* Project object */ = {
			isa = PBXProject;
			attributes = {
				BuildIndependentTargetsInParallel = 1;
				LastSwiftUpdateCheck = 1310;
				LastUpgradeCheck = 1310;
				TargetAttributes = {
					ADAB28AC29129F74000ECFF8 = {
						CreatedOnToolsVersion = 13.1;
					};
				};
			};
			buildConfigurationList = ADAB28A829129F73000ECFF8 /* Build configuration list for PBXProject "DirectoryApp" */;
			compatibilityVersion = "Xcode 13.0";
			developmentRegion = en;
			hasScannedForEncodings = 0;
			knownRegions = (
				en,
				Base,
			);
			mainGroup = ADAB28A429129F73000ECFF8;
			productRefGroup = ADAB28AE29129F74000ECFF8 /* Products */;
			projectDirPath = "";
			projectRoot = "";
			targets = (
				ADAB28AC29129F74000ECFF8 /* DirectoryApp */,
			);
		};
/* End PBXProject section */

/* Begin PBXResourcesBuildPhase section */
		ADAB28AB29129F74000ECFF8 /* Resources */ = {
			isa = PBXResourcesBuildPhase;
			buildActionMask = 2147483647;
			files = (
				ADAB28E8291310BC000ECFF8 /* RoomTableViewCell.xib in Resources */,
				ADAB28BD29129F79000ECFF8 /* LaunchScreen.storyboard in Resources */,
				ADAB28DE2912D0EA000ECFF8 /* EmployeeTableViewCell.xib in Resources */,
				ADAB28BA29129F79000ECFF8 /* Assets.xcassets in Resources */,
				ADAB28B829129F74000ECFF8 /* Main.storyboard in Resources */,
			);
			runOnlyForDeploymentPostprocessing = 0;
		};
/* End PBXResourcesBuildPhase section */

/* Begin PBXSourcesBuildPhase section */
		ADAB28A929129F74000ECFF8 /* Sources */ = {
			isa = PBXSourcesBuildPhase;
			buildActionMask = 2147483647;
			files = (
				ADAB28EE2913D1E1000ECFF8 /* LoginViewController.swift in Sources */,
				ADAB28B529129F74000ECFF8 /* ViewController.swift in Sources */,
				ADAB28EC2913CDFD000ECFF8 /* AlertManager.swift in Sources */,
				ADAB28B129129F74000ECFF8 /* AppDelegate.swift in Sources */,
				ADAB28D52912C05E000ECFF8 /* EmployeeListViewController.swift in Sources */,
				ADAB28CE2912A841000ECFF8 /* Rooms.swift in Sources */,
				ADAB28E12912EBDA000ECFF8 /* Theme.swift in Sources */,
				ADAB28D02912AA00000ECFF8 /* EndPoints.swift in Sources */,
				ADAB28E7291310BC000ECFF8 /* RoomTableViewCell.swift in Sources */,
				ADAB28DD2912D0EA000ECFF8 /* EmployeeTableViewCell.swift in Sources */,
				ADAB28CA2912A7EE000ECFF8 /* WebService.swift in Sources */,
				ADAB28E42913092C000ECFF8 /* UIImageView+Extensions.swift in Sources */,
				ADAB28F22913E39D000ECFF8 /* UIButton+Extensions.swift in Sources */,
				ADAB28B329129F74000ECFF8 /* SceneDelegate.swift in Sources */,
				ADAB28CC2912A829000ECFF8 /* People.swift in Sources */,
				ADAB28D32912BC90000ECFF8 /* DashboardViewController.swift in Sources */,
				ADAB28F02913D8FD000ECFF8 /* LoginManager.swift in Sources */,
				ADAB28D72912C075000ECFF8 /* EmployeeDetailViewController.swift in Sources */,
				ADAB28D92912C097000ECFF8 /* RoomListViewController.swift in Sources */,
			);
			runOnlyForDeploymentPostprocessing = 0;
		};
/* End PBXSourcesBuildPhase section */

/* Begin PBXVariantGroup section */
		ADAB28B629129F74000ECFF8 /* Main.storyboard */ = {
			isa = PBXVariantGroup;
			children = (
				ADAB28B729129F74000ECFF8 /* Base */,
			);
			name = Main.storyboard;
			sourceTree = "<group>";
		};
		ADAB28BB29129F79000ECFF8 /* LaunchScreen.storyboard */ = {
			isa = PBXVariantGroup;
			children = (
				ADAB28BC29129F79000ECFF8 /* Base */,
			);
			name = LaunchScreen.storyboard;
			sourceTree = "<group>";
		};
/* End PBXVariantGroup section */

/* Begin XCBuildConfiguration section */
		ADAB28BF29129F79000ECFF8 /* Debug */ = {
			isa = XCBuildConfiguration;
			buildSettings = {
				ALWAYS_SEARCH_USER_PATHS = NO;
				CLANG_ANALYZER_NONNULL = YES;
				CLANG_ANALYZER_NUMBER_OBJECT_CONVERSION = YES_AGGRESSIVE;
				CLANG_CXX_LANGUAGE_STANDARD = "gnu++17";
				CLANG_CXX_LIBRARY = "libc++";
				CLANG_ENABLE_MODULES = YES;
				CLANG_ENABLE_OBJC_ARC = YES;
				CLANG_ENABLE_OBJC_WEAK = YES;
				CLANG_WARN_BLOCK_CAPTURE_AUTORELEASING = YES;
				CLANG_WARN_BOOL_CONVERSION = YES;
				CLANG_WARN_COMMA = YES;
				CLANG_WARN_CONSTANT_CONVERSION = YES;
				CLANG_WARN_DEPRECATED_OBJC_IMPLEMENTATIONS = YES;
				CLANG_WARN_DIRECT_OBJC_ISA_USAGE = YES_ERROR;
				CLANG_WARN_DOCUMENTATION_COMMENTS = YES;
				CLANG_WARN_EMPTY_BODY = YES;
				CLANG_WARN_ENUM_CONVERSION = YES;
				CLANG_WARN_INFINITE_RECURSION = YES;
				CLANG_WARN_INT_CONVERSION = YES;
				CLANG_WARN_NON_LITERAL_NULL_CONVERSION = YES;
				CLANG_WARN_OBJC_IMPLICIT_RETAIN_SELF = YES;
				CLANG_WARN_OBJC_LITERAL_CONVERSION = YES;
				CLANG_WARN_OBJC_ROOT_CLASS = YES_ERROR;
				CLANG_WARN_QUOTED_INCLUDE_IN_FRAMEWORK_HEADER = YES;
				CLANG_WARN_RANGE_LOOP_ANALYSIS = YES;
				CLANG_WARN_STRICT_PROTOTYPES = YES;
				CLANG_WARN_SUSPICIOUS_MOVE = YES;
				CLANG_WARN_UNGUARDED_AVAILABILITY = YES_AGGRESSIVE;
				CLANG_WARN_UNREACHABLE_CODE = YES;
				CLANG_WARN__DUPLICATE_METHOD_MATCH = YES;
				COPY_PHASE_STRIP = NO;
				DEBUG_INFORMATION_FORMAT = dwarf;
				ENABLE_STRICT_OBJC_MSGSEND = YES;
				ENABLE_TESTABILITY = YES;
				GCC_C_LANGUAGE_STANDARD = gnu11;
				GCC_DYNAMIC_NO_PIC = NO;
				GCC_NO_COMMON_BLOCKS = YES;
				GCC_OPTIMIZATION_LEVEL = 0;
				GCC_PREPROCESSOR_DEFINITIONS = (
					"DEBUG=1",
					"$(inherited)",
				);
				GCC_WARN_64_TO_32_BIT_CONVERSION = YES;
				GCC_WARN_ABOUT_RETURN_TYPE = YES_ERROR;
				GCC_WARN_UNDECLARED_SELECTOR = YES;
				GCC_WARN_UNINITIALIZED_AUTOS = YES_AGGRESSIVE;
				GCC_WARN_UNUSED_FUNCTION = YES;
				GCC_WARN_UNUSED_VARIABLE = YES;
				IPHONEOS_DEPLOYMENT_TARGET = 11.0;
				MTL_ENABLE_DEBUG_INFO = INCLUDE_SOURCE;
				MTL_FAST_MATH = YES;
				ONLY_ACTIVE_ARCH = YES;
				SDKROOT = iphoneos;
				SWIFT_ACTIVE_COMPILATION_CONDITIONS = DEBUG;
				SWIFT_OPTIMIZATION_LEVEL = "-Onone";
			};
			name = Debug;
		};
		ADAB28C029129F79000ECFF8 /* Release */ = {
			isa = XCBuildConfiguration;
			buildSettings = {
				ALWAYS_SEARCH_USER_PATHS = NO;
				CLANG_ANALYZER_NONNULL = YES;
				CLANG_ANALYZER_NUMBER_OBJECT_CONVERSION = YES_AGGRESSIVE;
				CLANG_CXX_LANGUAGE_STANDARD = "gnu++17";
				CLANG_CXX_LIBRARY = "libc++";
				CLANG_ENABLE_MODULES = YES;
				CLANG_ENABLE_OBJC_ARC = YES;
				CLANG_ENABLE_OBJC_WEAK = YES;
				CLANG_WARN_BLOCK_CAPTURE_AUTORELEASING = YES;
				CLANG_WARN_BOOL_CONVERSION = YES;
				CLANG_WARN_COMMA = YES;
				CLANG_WARN_CONSTANT_CONVERSION = YES;
				CLANG_WARN_DEPRECATED_OBJC_IMPLEMENTATIONS = YES;
				CLANG_WARN_DIRECT_OBJC_ISA_USAGE = YES_ERROR;
				CLANG_WARN_DOCUMENTATION_COMMENTS = YES;
				CLANG_WARN_EMPTY_BODY = YES;
				CLANG_WARN_ENUM_CONVERSION = YES;
				CLANG_WARN_INFINITE_RECURSION = YES;
				CLANG_WARN_INT_CONVERSION = YES;
				CLANG_WARN_NON_LITERAL_NULL_CONVERSION = YES;
				CLANG_WARN_OBJC_IMPLICIT_RETAIN_SELF = YES;
				CLANG_WARN_OBJC_LITERAL_CONVERSION = YES;
				CLANG_WARN_OBJC_ROOT_CLASS = YES_ERROR;
				CLANG_WARN_QUOTED_INCLUDE_IN_FRAMEWORK_HEADER = YES;
				CLANG_WARN_RANGE_LOOP_ANALYSIS = YES;
				CLANG_WARN_STRICT_PROTOTYPES = YES;
				CLANG_WARN_SUSPICIOUS_MOVE = YES;
				CLANG_WARN_UNGUARDED_AVAILABILITY = YES_AGGRESSIVE;
				CLANG_WARN_UNREACHABLE_CODE = YES;
				CLANG_WARN__DUPLICATE_METHOD_MATCH = YES;
				COPY_PHASE_STRIP = NO;
				DEBUG_INFORMATION_FORMAT = "dwarf-with-dsym";
				ENABLE_NS_ASSERTIONS = NO;
				ENABLE_STRICT_OBJC_MSGSEND = YES;
				GCC_C_LANGUAGE_STANDARD = gnu11;
				GCC_NO_COMMON_BLOCKS = YES;
				GCC_WARN_64_TO_32_BIT_CONVERSION = YES;
				GCC_WARN_ABOUT_RETURN_TYPE = YES_ERROR;
				GCC_WARN_UNDECLARED_SELECTOR = YES;
				GCC_WARN_UNINITIALIZED_AUTOS = YES_AGGRESSIVE;
				GCC_WARN_UNUSED_FUNCTION = YES;
				GCC_WARN_UNUSED_VARIABLE = YES;
				IPHONEOS_DEPLOYMENT_TARGET = 11.0;
				MTL_ENABLE_DEBUG_INFO = NO;
				MTL_FAST_MATH = YES;
				SDKROOT = iphoneos;
				SWIFT_COMPILATION_MODE = wholemodule;
				SWIFT_OPTIMIZATION_LEVEL = "-O";
				VALIDATE_PRODUCT = YES;
			};
			name = Release;
		};
		ADAB28C229129F79000ECFF8 /* Debug */ = {
			isa = XCBuildConfiguration;
			buildSettings = {
				ASSETCATALOG_COMPILER_APPICON_NAME = AppIcon;
				ASSETCATALOG_COMPILER_GLOBAL_ACCENT_COLOR_NAME = AccentColor;
				CODE_SIGN_STYLE = Automatic;
				CURRENT_PROJECT_VERSION = 1;
				GENERATE_INFOPLIST_FILE = YES;
				INFOPLIST_FILE = DirectoryApp/Info.plist;
				INFOPLIST_KEY_UIApplicationSupportsIndirectInputEvents = YES;
				INFOPLIST_KEY_UILaunchStoryboardName = LaunchScreen;
				INFOPLIST_KEY_UIMainStoryboardFile = Main;
				INFOPLIST_KEY_UISupportedInterfaceOrientations_iPad = "UIInterfaceOrientationPortrait UIInterfaceOrientationPortraitUpsideDown UIInterfaceOrientationLandscapeLeft UIInterfaceOrientationLandscapeRight";
				INFOPLIST_KEY_UISupportedInterfaceOrientations_iPhone = "UIInterfaceOrientationPortrait UIInterfaceOrientationLandscapeLeft UIInterfaceOrientationLandscapeRight";
				IPHONEOS_DEPLOYMENT_TARGET = 11.0;
				LD_RUNPATH_SEARCH_PATHS = (
					"$(inherited)",
					"@executable_path/Frameworks",
				);
				MARKETING_VERSION = 1.0;
				PRODUCT_BUNDLE_IDENTIFIER = test.DirectoryApp;
				PRODUCT_NAME = "$(TARGET_NAME)";
				SWIFT_EMIT_LOC_STRINGS = YES;
				SWIFT_VERSION = 5.0;
				TARGETED_DEVICE_FAMILY = "1,2";
			};
			name = Debug;
		};
		ADAB28C329129F79000ECFF8 /* Release */ = {
			isa = XCBuildConfiguration;
			buildSettings = {
				ASSETCATALOG_COMPILER_APPICON_NAME = AppIcon;
				ASSETCATALOG_COMPILER_GLOBAL_ACCENT_COLOR_NAME = AccentColor;
				CODE_SIGN_STYLE = Automatic;
				CURRENT_PROJECT_VERSION = 1;
				GENERATE_INFOPLIST_FILE = YES;
				INFOPLIST_FILE = DirectoryApp/Info.plist;
				INFOPLIST_KEY_UIApplicationSupportsIndirectInputEvents = YES;
				INFOPLIST_KEY_UILaunchStoryboardName = LaunchScreen;
				INFOPLIST_KEY_UIMainStoryboardFile = Main;
				INFOPLIST_KEY_UISupportedInterfaceOrientations_iPad = "UIInterfaceOrientationPortrait UIInterfaceOrientationPortraitUpsideDown UIInterfaceOrientationLandscapeLeft UIInterfaceOrientationLandscapeRight";
				INFOPLIST_KEY_UISupportedInterfaceOrientations_iPhone = "UIInterfaceOrientationPortrait UIInterfaceOrientationLandscapeLeft UIInterfaceOrientationLandscapeRight";
				IPHONEOS_DEPLOYMENT_TARGET = 11.0;
				LD_RUNPATH_SEARCH_PATHS = (
					"$(inherited)",
					"@executable_path/Frameworks",
				);
				MARKETING_VERSION = 1.0;
				PRODUCT_BUNDLE_IDENTIFIER = test.DirectoryApp;
				PRODUCT_NAME = "$(TARGET_NAME)";
				SWIFT_EMIT_LOC_STRINGS = YES;
				SWIFT_VERSION = 5.0;
				TARGETED_DEVICE_FAMILY = "1,2";
			};
			name = Release;
		};
/* End XCBuildConfiguration section */

/* Begin XCConfigurationList section */
		ADAB28A829129F73000ECFF8 /* Build configuration list for PBXProject "DirectoryApp" */ = {
			isa = XCConfigurationList;
			buildConfigurations = (
				ADAB28BF29129F79000ECFF8 /* Debug */,
				ADAB28C029129F79000ECFF8 /* Release */,
			);
			defaultConfigurationIsVisible = 0;
			defaultConfigurationName = Release;
		};
		ADAB28C129129F79000ECFF8 /* Build configuration list for PBXNativeTarget "DirectoryApp" */ = {
			isa = XCConfigurationList;
			buildConfigurations = (
				ADAB28C229129F79000ECFF8 /* Debug */,
				ADAB28C329129F79000ECFF8 /* Release */,
			);
			defaultConfigurationIsVisible = 0;
			defaultConfigurationName = Release;
		};
/* End XCConfigurationList section */
	};
	rootObject = ADAB28A529129F73000ECFF8 /* Project object */;
}
